
Microsoft Visual Studio Solution File, Format Version 12.00
# Visual Studio 14
VisualStudioVersion = 14.0.23107.0
MinimumVisualStudioVersion = 10.0.40219.1
Project("{FAE04EC0-301F-11D3-BF4B-00C04F79EFBC}") = "CalculatorUI", "CalculatorUI\CalculatorUI.csproj", "{4182DD31-6B4D-4F33-9C31-27E1E6392BEF}"
EndProject
Project("{FAE04EC0-301F-11D3-BF4B-00C04F79EFBC}") = "CalculatorContract", "CalculatorContract\CalculatorContract.csproj", "{3FDC854D-5FCF-4968-B501-50443ECB05D1}"
EndProject
Project("{FAE04EC0-301F-11D3-BF4B-00C04F79EFBC}") = "CompositionHelper", "CalculatorFactory\CompositionHelper.csproj", "{5F17A8D1-4D16-45FF-BAB5-BAB7CFE0E22C}"
EndProject
Project("{FAE04EC0-301F-11D3-BF4B-00C04F79EFBC}") = "Addition", "Add\Addition.csproj", "{099B9C76-DCDA-4811-9E08-D919451557AC}"
EndProject
Project("{FAE04EC0-301F-11D3-BF4B-00C04F79EFBC}") = "Subtraction", "Subtraction\Subtraction.csproj", "{93C916AE-4809-492D-AF78-5DA2ABCB5D3D}"
EndProject
Global
	GlobalSection(SolutionConfigurationPlatforms) = preSolution
		Debug|Any CPU = Debug|Any CPU
		Debug|Mixed Platforms = Debug|Mixed Platforms
		Debug|x86 = Debug|x86
		Release|Any CPU = Release|Any CPU
		Release|Mixed Platforms = Release|Mixed Platforms
		Release|x86 = Release|x86
	EndGlobalSection
	GlobalSection(ProjectConfigurationPlatforms) = postSolution
		{4182DD31-6B4D-4F33-9C31-27E1E6392BEF}.Debug|Any CPU.ActiveCfg = Debug|x86
		{4182DD31-6B4D-4F33-9C31-27E1E6392BEF}.Debug|Mixed Platforms.ActiveCfg = Debug|x86
		{4182DD31-6B4D-4F33-9C31-27E1E6392BEF}.Debug|Mixed Platforms.Build.0 = Debug|x86
		{4182DD31-6B4D-4F33-9C31-27E1E6392BEF}.Debug|x86.ActiveCfg = Debug|x86
		{4182DD31-6B4D-4F33-9C31-27E1E6392BEF}.Debug|x86.Build.0 = Debug|x86
		{4182DD31-6B4D-4F33-9C31-27E1E6392BEF}.Release|Any CPU.ActiveCfg = Release|x86
		{4182DD31-6B4D-4F33-9C31-27E1E6392BEF}.Release|Mixed Platforms.ActiveCfg = Release|x86
		{4182DD31-6B4D-4F33-9C31-27E1E6392BEF}.Release|Mixed Platforms.Build.0 = Release|x86
		{4182DD31-6B4D-4F33-9C31-27E1E6392BEF}.Release|x86.ActiveCfg = Release|x86
		{4182DD31-6B4D-4F33-9C31-27E1E6392BEF}.Release|x86.Build.0 = Release|x86
		{3FDC854D-5FCF-4968-B501-50443ECB05D1}.Debug|Any CPU.ActiveCfg = Debug|Any CPU
		{3FDC854D-5FCF-4968-B501-50443ECB05D1}.Debug|Any CPU.Build.0 = Debug|Any CPU
		{3FDC854D-5FCF-4968-B501-50443ECB05D1}.Debug|Mixed Platforms.ActiveCfg = Debug|Any CPU
		{3FDC854D-5FCF-4968-B501-50443ECB05D1}.Debug|Mixed Platforms.Build.0 = Debug|Any CPU
		{3FDC854D-5FCF-4968-B501-50443ECB05D1}.Debug|x86.ActiveCfg = Debug|Any CPU
		{3FDC854D-5FCF-4968-B501-50443ECB05D1}.Release|Any CPU.ActiveCfg = Release|Any CPU
		{3FDC854D-5FCF-4968-B501-50443ECB05D1}.Release|Any CPU.Build.0 = Release|Any CPU
		{3FDC854D-5FCF-4968-B501-50443ECB05D1}.Release|Mixed Platforms.ActiveCfg = Release|Any CPU
		{3FDC854D-5FCF-4968-B501-50443ECB05D1}.Release|Mixed Platforms.Build.0 = Release|Any CPU
		{3FDC854D-5FCF-4968-B501-50443ECB05D1}.Release|x86.ActiveCfg = Release|Any CPU
		{5F17A8D1-4D16-45FF-BAB5-BAB7CFE0E22C}.Debug|Any CPU.ActiveCfg = Debug|Any CPU
		{5F17A8D1-4D16-45FF-BAB5-BAB7CFE0E22C}.Debug|Any CPU.Build.0 = Debug|Any CPU
		{5F17A8D1-4D16-45FF-BAB5-BAB7CFE0E22C}.Debug|Mixed Platforms.ActiveCfg = Debug|Any CPU
		{5F17A8D1-4D16-45FF-BAB5-BAB7CFE0E22C}.Debug|Mixed Platforms.Build.0 = Debug|Any CPU
		{5F17A8D1-4D16-45FF-BAB5-BAB7CFE0E22C}.Debug|x86.ActiveCfg = Debug|Any CPU
		{5F17A8D1-4D16-45FF-BAB5-BAB7CFE0E22C}.Release|Any CPU.ActiveCfg = Release|Any CPU
		{5F17A8D1-4D16-45FF-BAB5-BAB7CFE0E22C}.Release|Any CPU.Build.0 = Release|Any CPU
		{5F17A8D1-4D16-45FF-BAB5-BAB7CFE0E22C}.Release|Mixed Platforms.ActiveCfg = Release|Any CPU
		{5F17A8D1-4D16-45FF-BAB5-BAB7CFE0E22C}.Release|Mixed Platforms.Build.0 = Release|Any CPU
		{5F17A8D1-4D16-45FF-BAB5-BAB7CFE0E22C}.Release|x86.ActiveCfg = Release|Any CPU
		{099B9C76-DCDA-4811-9E08-D919451557AC}.Debug|Any CPU.ActiveCfg = Debug|Any CPU
		{099B9C76-DCDA-4811-9E08-D919451557AC}.Debug|Any CPU.Build.0 = Debug|Any CPU
		{099B9C76-DCDA-4811-9E08-D919451557AC}.Debug|Mixed Platforms.ActiveCfg = Debug|Any CPU
		{099B9C76-DCDA-4811-9E08-D919451557AC}.Debug|Mixed Platforms.Build.0 = Debug|Any CPU
		{099B9C76-DCDA-4811-9E08-D919451557AC}.Debug|x86.ActiveCfg = Debug|Any CPU
		{099B9C76-DCDA-4811-9E08-D919451557AC}.Debug|x86.Build.0 = Debug|Any CPU
		{099B9C76-DCDA-4811-9E08-D919451557AC}.Release|Any CPU.ActiveCfg = Release|Any CPU
		{099B9C76-DCDA-4811-9E08-D919451557AC}.Release|Any CPU.Build.0 = Release|Any CPU
		{099B9C76-DCDA-4811-9E08-D919451557AC}.Release|Mixed Platforms.ActiveCfg = Release|Any CPU
		{099B9C76-DCDA-4811-9E08-D919451557AC}.Release|Mixed Platforms.Build.0 = Release|Any CPU
		{099B9C76-DCDA-4811-9E08-D919451557AC}.Release|x86.ActiveCfg = Release|Any CPU
		{099B9C76-DCDA-4811-9E08-D919451557AC}.Release|x86.Build.0 = Release|Any CPU
		{93C916AE-4809-492D-AF78-5DA2ABCB5D3D}.Debug|Any CPU.ActiveCfg = Debug|Any CPU
		{93C916AE-4809-492D-AF78-5DA2ABCB5D3D}.Debug|Any CPU.Build.0 = Debug|Any CPU
		{93C916AE-4809-492D-AF78-5DA2ABCB5D3D}.Debug|Mixed Platforms.ActiveCfg = Debug|Any CPU
		{93C916AE-4809-492D-AF78-5DA2ABCB5D3D}.Debug|Mixed Platforms.Build.0 = Debug|Any CPU
		{93C916AE-4809-492D-AF78-5DA2ABCB5D3D}.Debug|x86.ActiveCfg = Debug|Any CPU
		{93C916AE-4809-492D-AF78-5DA2ABCB5D3D}.Debug|x86.Build.0 = Debug|Any CPU
		{93C916AE-4809-492D-AF78-5DA2ABCB5D3D}.Release|Any CPU.ActiveCfg = Release|Any CPU
		{93C916AE-4809-492D-AF78-5DA2ABCB5D3D}.Release|Any CPU.Build.0 = Release|Any CPU
		{93C916AE-4809-492D-AF78-5DA2ABCB5D3D}.Release|Mixed Platforms.ActiveCfg = Release|Any CPU
		{93C916AE-4809-492D-AF78-5DA2ABCB5D3D}.Release|Mixed Platforms.Build.0 = Release|Any CPU
		{93C916AE-4809-492D-AF78-5DA2ABCB5D3D}.Release|x86.ActiveCfg = Release|Any CPU
		{93C916AE-4809-492D-AF78-5DA2ABCB5D3D}.Release|x86.Build.0 = Release|Any CPU
	EndGlobalSection
	GlobalSection(SolutionProperties) = preSolution
		HideSolutionNode = FALSE
	EndGlobalSection
EndGlobal
